
Microsoft Visual Studio Solution File, Format Version 12.00
# Visual Studio Version 17
VisualStudioVersion = 17.0.31903.59
MinimumVisualStudioVersion = 10.0.40219.1
Project("{2150E333-8FDC-42A3-9474-1A3956D46DE8}") = "src", "src", "{827E0CD3-B72D-47B6-A68D-7590B98EB39B}"
EndProject
Project("{FAE04EC0-301F-11D3-BF4B-00C04F79EFBC}") = "CatCat.API", "src\CatCat.API\CatCat.API.csproj", "{A1B2C3D4-E5F6-7890-ABCD-EF1234567890}"
EndProject
Project("{FAE04EC0-301F-11D3-BF4B-00C04F79EFBC}") = "CatCat.Infrastructure", "src\CatCat.Infrastructure\CatCat.Infrastructure.csproj", "{B2C3D4E5-F678-90AB-CDEF-123456789012}"
EndProject
Project("{FAE04EC0-301F-11D3-BF4B-00C04F79EFBC}") = "CatCat.AppHost", "src\CatCat.AppHost\CatCat.AppHost.csproj", "{0FDDB395-BBC7-4F11-A5E0-1D23DAC6040E}"
EndProject
Project("{FAE04EC0-301F-11D3-BF4B-00C04F79EFBC}") = "CatCat.Transit", "src\CatCat.Transit\CatCat.Transit.csproj", "{C3D4E5F6-7890-ABCD-EF12-3456789012AB}"
EndProject
Project("{FAE04EC0-301F-11D3-BF4B-00C04F79EFBC}") = "CatCat.Transit.Nats", "src\CatCat.Transit.Nats\CatCat.Transit.Nats.csproj", "{D4E5F678-90AB-CDEF-1234-56789012ABCD}"
EndProject
Project("{2150E333-8FDC-42A3-9474-1A3956D46DE8}") = "tests", "tests", "{0AB3BF05-4346-4AA6-1389-037BE0695223}"
EndProject
Project("{FAE04EC0-301F-11D3-BF4B-00C04F79EFBC}") = "CatCat.Transit.Tests", "tests\CatCat.Transit.Tests\CatCat.Transit.Tests.csproj", "{CD423B60-E983-4D89-BEC0-90EAFF607803}"
EndProject
Global
	GlobalSection(SolutionConfigurationPlatforms) = preSolution
		Debug|Any CPU = Debug|Any CPU
		Debug|x64 = Debug|x64
		Debug|x86 = Debug|x86
		Release|Any CPU = Release|Any CPU
		Release|x64 = Release|x64
		Release|x86 = Release|x86
	EndGlobalSection
	GlobalSection(ProjectConfigurationPlatforms) = postSolution
		{A1B2C3D4-E5F6-7890-ABCD-EF1234567890}.Debug|Any CPU.ActiveCfg = Debug|Any CPU
		{A1B2C3D4-E5F6-7890-ABCD-EF1234567890}.Debug|Any CPU.Build.0 = Debug|Any CPU
		{A1B2C3D4-E5F6-7890-ABCD-EF1234567890}.Debug|x64.ActiveCfg = Debug|Any CPU
		{A1B2C3D4-E5F6-7890-ABCD-EF1234567890}.Debug|x64.Build.0 = Debug|Any CPU
		{A1B2C3D4-E5F6-7890-ABCD-EF1234567890}.Debug|x86.ActiveCfg = Debug|Any CPU
		{A1B2C3D4-E5F6-7890-ABCD-EF1234567890}.Debug|x86.Build.0 = Debug|Any CPU
		{A1B2C3D4-E5F6-7890-ABCD-EF1234567890}.Release|Any CPU.ActiveCfg = Release|Any CPU
		{A1B2C3D4-E5F6-7890-ABCD-EF1234567890}.Release|Any CPU.Build.0 = Release|Any CPU
		{A1B2C3D4-E5F6-7890-ABCD-EF1234567890}.Release|x64.ActiveCfg = Release|Any CPU
		{A1B2C3D4-E5F6-7890-ABCD-EF1234567890}.Release|x64.Build.0 = Release|Any CPU
		{A1B2C3D4-E5F6-7890-ABCD-EF1234567890}.Release|x86.ActiveCfg = Release|Any CPU
		{A1B2C3D4-E5F6-7890-ABCD-EF1234567890}.Release|x86.Build.0 = Release|Any CPU
		{B2C3D4E5-F678-90AB-CDEF-123456789012}.Debug|Any CPU.ActiveCfg = Debug|Any CPU
		{B2C3D4E5-F678-90AB-CDEF-123456789012}.Debug|Any CPU.Build.0 = Debug|Any CPU
		{B2C3D4E5-F678-90AB-CDEF-123456789012}.Debug|x64.ActiveCfg = Debug|Any CPU
		{B2C3D4E5-F678-90AB-CDEF-123456789012}.Debug|x64.Build.0 = Debug|Any CPU
		{B2C3D4E5-F678-90AB-CDEF-123456789012}.Debug|x86.ActiveCfg = Debug|Any CPU
		{B2C3D4E5-F678-90AB-CDEF-123456789012}.Debug|x86.Build.0 = Debug|Any CPU
		{B2C3D4E5-F678-90AB-CDEF-123456789012}.Release|Any CPU.ActiveCfg = Release|Any CPU
		{B2C3D4E5-F678-90AB-CDEF-123456789012}.Release|Any CPU.Build.0 = Release|Any CPU
		{B2C3D4E5-F678-90AB-CDEF-123456789012}.Release|x64.ActiveCfg = Release|Any CPU
		{B2C3D4E5-F678-90AB-CDEF-123456789012}.Release|x64.Build.0 = Release|Any CPU
		{B2C3D4E5-F678-90AB-CDEF-123456789012}.Release|x86.ActiveCfg = Release|Any CPU
		{B2C3D4E5-F678-90AB-CDEF-123456789012}.Release|x86.Build.0 = Release|Any CPU
		{0FDDB395-BBC7-4F11-A5E0-1D23DAC6040E}.Debug|Any CPU.ActiveCfg = Debug|Any CPU
		{0FDDB395-BBC7-4F11-A5E0-1D23DAC6040E}.Debug|Any CPU.Build.0 = Debug|Any CPU
		{0FDDB395-BBC7-4F11-A5E0-1D23DAC6040E}.Debug|x64.ActiveCfg = Debug|Any CPU
		{0FDDB395-BBC7-4F11-A5E0-1D23DAC6040E}.Debug|x64.Build.0 = Debug|Any CPU
		{0FDDB395-BBC7-4F11-A5E0-1D23DAC6040E}.Debug|x86.ActiveCfg = Debug|Any CPU
		{0FDDB395-BBC7-4F11-A5E0-1D23DAC6040E}.Debug|x86.Build.0 = Debug|Any CPU
		{0FDDB395-BBC7-4F11-A5E0-1D23DAC6040E}.Release|Any CPU.ActiveCfg = Release|Any CPU
		{0FDDB395-BBC7-4F11-A5E0-1D23DAC6040E}.Release|Any CPU.Build.0 = Release|Any CPU
		{0FDDB395-BBC7-4F11-A5E0-1D23DAC6040E}.Release|x64.ActiveCfg = Release|Any CPU
		{0FDDB395-BBC7-4F11-A5E0-1D23DAC6040E}.Release|x64.Build.0 = Release|Any CPU
		{0FDDB395-BBC7-4F11-A5E0-1D23DAC6040E}.Release|x86.ActiveCfg = Release|Any CPU
		{0FDDB395-BBC7-4F11-A5E0-1D23DAC6040E}.Release|x86.Build.0 = Release|Any CPU
		{C3D4E5F6-7890-ABCD-EF12-3456789012AB}.Debug|Any CPU.ActiveCfg = Debug|Any CPU
		{C3D4E5F6-7890-ABCD-EF12-3456789012AB}.Debug|Any CPU.Build.0 = Debug|Any CPU
		{C3D4E5F6-7890-ABCD-EF12-3456789012AB}.Debug|x64.ActiveCfg = Debug|Any CPU
		{C3D4E5F6-7890-ABCD-EF12-3456789012AB}.Debug|x64.Build.0 = Debug|Any CPU
		{C3D4E5F6-7890-ABCD-EF12-3456789012AB}.Debug|x86.ActiveCfg = Debug|Any CPU
		{C3D4E5F6-7890-ABCD-EF12-3456789012AB}.Debug|x86.Build.0 = Debug|Any CPU
		{C3D4E5F6-7890-ABCD-EF12-3456789012AB}.Release|Any CPU.ActiveCfg = Release|Any CPU
		{C3D4E5F6-7890-ABCD-EF12-3456789012AB}.Release|Any CPU.Build.0 = Release|Any CPU
		{C3D4E5F6-7890-ABCD-EF12-3456789012AB}.Release|x64.ActiveCfg = Release|Any CPU
		{C3D4E5F6-7890-ABCD-EF12-3456789012AB}.Release|x64.Build.0 = Release|Any CPU
		{C3D4E5F6-7890-ABCD-EF12-3456789012AB}.Release|x86.ActiveCfg = Release|Any CPU
		{C3D4E5F6-7890-ABCD-EF12-3456789012AB}.Release|x86.Build.0 = Release|Any CPU
		{D4E5F678-90AB-CDEF-1234-56789012ABCD}.Debug|Any CPU.ActiveCfg = Debug|Any CPU
		{D4E5F678-90AB-CDEF-1234-56789012ABCD}.Debug|Any CPU.Build.0 = Debug|Any CPU
		{D4E5F678-90AB-CDEF-1234-56789012ABCD}.Debug|x64.ActiveCfg = Debug|Any CPU
		{D4E5F678-90AB-CDEF-1234-56789012ABCD}.Debug|x64.Build.0 = Debug|Any CPU
		{D4E5F678-90AB-CDEF-1234-56789012ABCD}.Debug|x86.ActiveCfg = Debug|Any CPU
		{D4E5F678-90AB-CDEF-1234-56789012ABCD}.Debug|x86.Build.0 = Debug|Any CPU
		{D4E5F678-90AB-CDEF-1234-56789012ABCD}.Release|Any CPU.ActiveCfg = Release|Any CPU
		{D4E5F678-90AB-CDEF-1234-56789012ABCD}.Release|Any CPU.Build.0 = Release|Any CPU
		{D4E5F678-90AB-CDEF-1234-56789012ABCD}.Release|x64.ActiveCfg = Release|Any CPU
		{D4E5F678-90AB-CDEF-1234-56789012ABCD}.Release|x64.Build.0 = Release|Any CPU
		{D4E5F678-90AB-CDEF-1234-56789012ABCD}.Release|x86.ActiveCfg = Release|Any CPU
		{D4E5F678-90AB-CDEF-1234-56789012ABCD}.Release|x86.Build.0 = Release|Any CPU
		{CD423B60-E983-4D89-BEC0-90EAFF607803}.Debug|Any CPU.ActiveCfg = Debug|Any CPU
		{CD423B60-E983-4D89-BEC0-90EAFF607803}.Debug|Any CPU.Build.0 = Debug|Any CPU
		{CD423B60-E983-4D89-BEC0-90EAFF607803}.Debug|x64.ActiveCfg = Debug|Any CPU
		{CD423B60-E983-4D89-BEC0-90EAFF607803}.Debug|x64.Build.0 = Debug|Any CPU
		{CD423B60-E983-4D89-BEC0-90EAFF607803}.Debug|x86.ActiveCfg = Debug|Any CPU
		{CD423B60-E983-4D89-BEC0-90EAFF607803}.Debug|x86.Build.0 = Debug|Any CPU
		{CD423B60-E983-4D89-BEC0-90EAFF607803}.Release|Any CPU.ActiveCfg = Release|Any CPU
		{CD423B60-E983-4D89-BEC0-90EAFF607803}.Release|Any CPU.Build.0 = Release|Any CPU
		{CD423B60-E983-4D89-BEC0-90EAFF607803}.Release|x64.ActiveCfg = Release|Any CPU
		{CD423B60-E983-4D89-BEC0-90EAFF607803}.Release|x64.Build.0 = Release|Any CPU
		{CD423B60-E983-4D89-BEC0-90EAFF607803}.Release|x86.ActiveCfg = Release|Any CPU
		{CD423B60-E983-4D89-BEC0-90EAFF607803}.Release|x86.Build.0 = Release|Any CPU
	EndGlobalSection
	GlobalSection(SolutionProperties) = preSolution
		HideSolutionNode = FALSE
	EndGlobalSection
	GlobalSection(NestedProjects) = preSolution
		{A1B2C3D4-E5F6-7890-ABCD-EF1234567890} = {827E0CD3-B72D-47B6-A68D-7590B98EB39B}
		{B2C3D4E5-F678-90AB-CDEF-123456789012} = {827E0CD3-B72D-47B6-A68D-7590B98EB39B}
		{0FDDB395-BBC7-4F11-A5E0-1D23DAC6040E} = {827E0CD3-B72D-47B6-A68D-7590B98EB39B}
		{C3D4E5F6-7890-ABCD-EF12-3456789012AB} = {827E0CD3-B72D-47B6-A68D-7590B98EB39B}
		{D4E5F678-90AB-CDEF-1234-56789012ABCD} = {827E0CD3-B72D-47B6-A68D-7590B98EB39B}
		{CD423B60-E983-4D89-BEC0-90EAFF607803} = {0AB3BF05-4346-4AA6-1389-037BE0695223}
	EndGlobalSection
EndGlobal
